
Microsoft Visual Studio Solution File, Format Version 12.00
# Visual Studio Version 16
VisualStudioVersion = 16.0.31313.79
MinimumVisualStudioVersion = 10.0.40219.1
Project("{FAE04EC0-301F-11D3-BF4B-00C04F79EFBC}") = "bf2fasm", "bf2fasm\bf2fasm.csproj", "{2E8F7471-40A0-4EC8-B425-2C879D5D8839}"
EndProject
Global
	GlobalSection(SolutionConfigurationPlatforms) = preSolution
		Debug|Any CPU = Debug|Any CPU
		Release|Any CPU = Release|Any CPU
	EndGlobalSection
	GlobalSection(ProjectConfigurationPlatforms) = postSolution
		{2E8F7471-40A0-4EC8-B425-2C879D5D8839}.Debug|Any CPU.ActiveCfg = Debug|Any CPU
		{2E8F7471-40A0-4EC8-B425-2C879D5D8839}.Debug|Any CPU.Build.0 = Debug|Any CPU
		{2E8F7471-40A0-4EC8-B425-2C879D5D8839}.Release|Any CPU.ActiveCfg = Release|Any CPU
		{2E8F7471-40A0-4EC8-B425-2C879D5D8839}.Release|Any CPU.Build.0 = Release|Any CPU
	EndGlobalSection
	GlobalSection(SolutionProperties) = preSolution
		HideSolutionNode = FALSE
	EndGlobalSection
	GlobalSection(ExtensibilityGlobals) = postSolution
		SolutionGuid = {DA3866C8-9CE9-4201-8488-0A5016389A14}
	EndGlobalSection
EndGlobal
